<?xml version="1.0" encoding="utf-8"?>
<Project ToolsVersion="4.0" xmlns="http://schemas.microsoft.com/developer/msbuild/2003">
  <ItemGroup>
    <Filter Include="lib">
      <UniqueIdentifier>{4FC737F1-C7A5-4376-A066-2A32D752A2FF}</UniqueIdentifier>
      <Extensions>cpp;c;cc;cxx;def;odl;idl;hpj;bat;asm;asmx</Extensions>
    </Filter>
    <Filter Include="lib\Modbus">
      <UniqueIdentifier>{04c9f1cc-315a-4f33-b9b0-3e61ce9f40a8}</UniqueIdentifier>
    </Filter>
    <Filter Include="lib\Interface">
      <UniqueIdentifier>{e62ba663-8589-4f68-b0ca-9710cfe01823}</UniqueIdentifier>
    </Filter>
    <Filter Include="lib\SlaveDataServer">
      <UniqueIdentifier>{f14914b9-c5d1-4cf9-bc2d-b2c4bf49eafd}</UniqueIdentifier>
    </Filter>
    <Filter Include="platform">
      <UniqueIdentifier>{04f15fa8-f0ae-4c6f-880c-ce904b533e3f}</UniqueIdentifier>
    </Filter>
    <Filter Include="platform\Win32">
      <UniqueIdentifier>{9d0c2563-3163-486e-8b69-583b055502af}</UniqueIdentifier>
    </Filter>
    <Filter Include="platform\Boost">
      <UniqueIdentifier>{e1de8ee9-b0fc-477c-abef-8b51eb06e600}</UniqueIdentifier>
    </Filter>
    <Filter Include="platform\std">
      <UniqueIdentifier>{77827d7e-8cae-4fbc-bcda-a2427e62f472}</UniqueIdentifier>
    </Filter>
  </ItemGroup>
  <ItemGroup>
    <ClCompile Include="..\lib\Interface\MbASCII.cpp">
      <Filter>lib\Interface</Filter>
    </ClCompile>
    <ClCompile Include="..\lib\Interface\MbRTU.cpp">
      <Filter>lib\Interface</Filter>
    </ClCompile>
    <ClCompile Include="..\lib\Interface\MbSerial.cpp">
      <Filter>lib\Interface</Filter>
    </ClCompile>
    <ClCompile Include="..\lib\Interface\UdpClient.cpp">
      <Filter>lib\Interface</Filter>
    </ClCompile>
    <ClCompile Include="..\lib\Modbus\MbFrame.cpp">
      <Filter>lib\Modbus</Filter>
    </ClCompile>
    <ClCompile Include="..\lib\Modbus\MbMaster.cpp">
      <Filter>lib\Modbus</Filter>
    </ClCompile>
    <ClCompile Include="..\lib\Modbus\MbSlave.cpp">
      <Filter>lib\Modbus</Filter>
    </ClCompile>
    <ClCompile Include="..\Test\ModbusCPP.cpp">
      <Filter>lib</Filter>
    </ClCompile>
    <ClCompile Include="..\platform\boost\SerialBoost.cpp">
      <Filter>platform\Boost</Filter>
    </ClCompile>
    <ClCompile Include="..\platform\win32\SerialWin32.cpp">
      <Filter>platform\Win32</Filter>
    </ClCompile>
    <ClCompile Include="..\lib\SlaveDataServer\MbSlaveData.cpp">
      <Filter>lib\SlaveDataServer</Filter>
    </ClCompile>
    <ClCompile Include="..\lib\Interface\SerialPort.cpp">
      <Filter>lib\Interface</Filter>
    </ClCompile>
  </ItemGroup>
  <ItemGroup>
    <ClInclude Include="..\lib\Interface\MbASCII.h">
      <Filter>lib\Interface</Filter>
    </ClInclude>
    <ClInclude Include="..\lib\Interface\MbEthernet.h">
      <Filter>lib\Interface</Filter>
    </ClInclude>
    <ClInclude Include="..\lib\Interface\MbInterface.h">
      <Filter>lib\Interface</Filter>
    </ClInclude>
    <ClInclude Include="..\lib\Interface\MbRTU.h">
      <Filter>lib\Interface</Filter>
    </ClInclude>
    <ClInclude Include="..\lib\Interface\MbSerial.h">
      <Filter>lib\Interface</Filter>
    </ClInclude>
    <ClInclude Include="..\lib\Interface\MbUDP.h">
      <Filter>lib\Interface</Filter>
    </ClInclude>
    <ClInclude Include="..\lib\Interface\SerialPort.h">
      <Filter>lib\Interface</Filter>
    </ClInclude>
    <ClInclude Include="..\lib\Modbus\MbBase.h">
      <Filter>lib\Modbus</Filter>
    </ClInclude>
    <ClInclude Include="..\lib\Modbus\MbFrame.h">
      <Filter>lib\Modbus</Filter>
    </ClInclude>
    <ClInclude Include="..\lib\Modbus\MbMaster.h">
      <Filter>lib\Modbus</Filter>
    </ClInclude>
    <ClInclude Include="..\lib\Modbus\mbslave.h">
      <Filter>lib\Modbus</Filter>
    </ClInclude>
    <ClInclude Include="..\lib\SlaveDataServer\MbSlaveDataServer.h">
      <Filter>lib\SlaveDataServer</Filter>
    </ClInclude>
    <ClInclude Include="..\platform\boost\SerialBoost.h">
      <Filter>platform\Boost</Filter>
    </ClInclude>
    <ClInclude Include="..\platform\win32\SerialWin32.h">
      <Filter>platform\Win32</Filter>
    </ClInclude>
    <ClInclude Include="..\platform\std\Stopwatch.h">
      <Filter>platform\std</Filter>
    </ClInclude>
    <ClInclude Include="..\platform\std\ThreadUtils.h">
      <Filter>platform\std</Filter>
    </ClInclude>
    <ClInclude Include="..\lib\SlaveDataServer\MbSlaveData.h">
      <Filter>lib\SlaveDataServer</Filter>
    </ClInclude>
    <ClInclude Include="..\lib\SlaveDataServer\MbSlaveStdServer.h">
      <Filter>lib\SlaveDataServer</Filter>
    </ClInclude>
  </ItemGroup>
</Project>